
Microsoft Visual Studio Solution File, Format Version 12.00
# Visual Studio Version 17
VisualStudioVersion = 17.3.32901.215
MinimumVisualStudioVersion = 10.0.40219.1
Project("{FAE04EC0-301F-11D3-BF4B-00C04F79EFBC}") = "Ejercicio 14 Tema 2", "Ejercicio 14 Tema 2\Ejercicio 14 Tema 2.csproj", "{39CE73CF-F959-416A-A0D0-342AF88471EB}"
EndProject
Global
	GlobalSection(SolutionConfigurationPlatforms) = preSolution
		Debug|Any CPU = Debug|Any CPU
		Release|Any CPU = Release|Any CPU
	EndGlobalSection
	GlobalSection(ProjectConfigurationPlatforms) = postSolution
		{39CE73CF-F959-416A-A0D0-342AF88471EB}.Debug|Any CPU.ActiveCfg = Debug|Any CPU
		{39CE73CF-F959-416A-A0D0-342AF88471EB}.Debug|Any CPU.Build.0 = Debug|Any CPU
		{39CE73CF-F959-416A-A0D0-342AF88471EB}.Release|Any CPU.ActiveCfg = Release|Any CPU
		{39CE73CF-F959-416A-A0D0-342AF88471EB}.Release|Any CPU.Build.0 = Release|Any CPU
	EndGlobalSection
	GlobalSection(SolutionProperties) = preSolution
		HideSolutionNode = FALSE
	EndGlobalSection
	GlobalSection(ExtensibilityGlobals) = postSolution
		SolutionGuid = {F668F023-57D0-4A97-B62D-27B44BCFDCF0}
	EndGlobalSection
EndGlobal
